{
  "name": "numbers",
  "lockfileVersion": 3,
  "requires": true,
  "packages": {
    "": {
      "name": "numbers",
      "dependencies": {
        "morphhb": "2.0.2"
      }
    },
    "node_modules/morphhb": {
      "version": "2.0.2",
      "resolved": "https://registry.npmjs.org/morphhb/-/morphhb-2.0.2.tgz",
      "integrity": "sha512-YPg2Ld3JSZvPQZdy/gsj66qq2dWkHdJg4qXri/gYdrKsBDrqJGpHPf6VxX+avMpiIxUbCburWxJmmxwmRkjwfA=="
    }
  }
}
